
Microsoft Visual Studio Solution File, Format Version 12.00
# Visual Studio Version 16
VisualStudioVersion = 16.0.31613.86
MinimumVisualStudioVersion = 10.0.40219.1
Project("{FAE04EC0-301F-11D3-BF4B-00C04F79EFBC}") = "RecipeReader", "XmlReader\RecipeReader.csproj", "{3BEF2E7A-EA4E-4E36-83AF-02B42A94995B}"
EndProject
Global
	GlobalSection(SolutionConfigurationPlatforms) = preSolution
		Debug|Any CPU = Debug|Any CPU
		Release|Any CPU = Release|Any CPU
	EndGlobalSection
	GlobalSection(ProjectConfigurationPlatforms) = postSolution
		{3BEF2E7A-EA4E-4E36-83AF-02B42A94995B}.Debug|Any CPU.ActiveCfg = Debug|Any CPU
		{3BEF2E7A-EA4E-4E36-83AF-02B42A94995B}.Debug|Any CPU.Build.0 = Debug|Any CPU
		{3BEF2E7A-EA4E-4E36-83AF-02B42A94995B}.Release|Any CPU.ActiveCfg = Release|Any CPU
		{3BEF2E7A-EA4E-4E36-83AF-02B42A94995B}.Release|Any CPU.Build.0 = Release|Any CPU
	EndGlobalSection
	GlobalSection(SolutionProperties) = preSolution
		HideSolutionNode = FALSE
	EndGlobalSection
	GlobalSection(ExtensibilityGlobals) = postSolution
		SolutionGuid = {E95B0975-56B8-479B-B298-624C2273EF48}
	EndGlobalSection
EndGlobal
